
Microsoft Visual Studio Solution File, Format Version 12.00
# Visual Studio 15
VisualStudioVersion = 15.0.28307.902
MinimumVisualStudioVersion = 10.0.40219.1
Project("{FAE04EC0-301F-11D3-BF4B-00C04F79EFBC}") = "HotelMascotasConsoleApp", "HotelMascotasConsoleApp\HotelMascotasConsoleApp.csproj", "{130D996C-C507-4764-BE0B-BB2178D315BA}"
EndProject
Global
	GlobalSection(SolutionConfigurationPlatforms) = preSolution
		Debug|Any CPU = Debug|Any CPU
		Release|Any CPU = Release|Any CPU
	EndGlobalSection
	GlobalSection(ProjectConfigurationPlatforms) = postSolution
		{130D996C-C507-4764-BE0B-BB2178D315BA}.Debug|Any CPU.ActiveCfg = Debug|Any CPU
		{130D996C-C507-4764-BE0B-BB2178D315BA}.Debug|Any CPU.Build.0 = Debug|Any CPU
		{130D996C-C507-4764-BE0B-BB2178D315BA}.Release|Any CPU.ActiveCfg = Release|Any CPU
		{130D996C-C507-4764-BE0B-BB2178D315BA}.Release|Any CPU.Build.0 = Release|Any CPU
	EndGlobalSection
	GlobalSection(SolutionProperties) = preSolution
		HideSolutionNode = FALSE
	EndGlobalSection
	GlobalSection(ExtensibilityGlobals) = postSolution
		SolutionGuid = {6C87A9F3-F56A-45C7-B7DE-1D98D2375864}
	EndGlobalSection
EndGlobal
